{
  "name": "aditii",
  "version": "1.0.0",
  "lockfileVersion": 1,
  "requires": true,
  "dependencies": {
    "@glidejs/glide": {
      "version": "3.3.0",
      "resolved": "https://registry.npmjs.org/@glidejs/glide/-/glide-3.3.0.tgz",
      "integrity": "sha512-8rs4yGHRlCOvubBM7RyB4sijzl0q5ST7Yvv9frSb8xIRWdztoY7lP/uMMc9GBEM0up5MvxIYWOXig1b5gT/j2A==",
      "dev": true
    },
    "hamburgers": {
      "version": "1.1.3",
      "resolved": "https://registry.npmjs.org/hamburgers/-/hamburgers-1.1.3.tgz",
      "integrity": "sha512-qpfnJwZq6ATAGJEriwuyfVNgT++GG+o+3bBfPYF7F3WY452cYKbaYGUuqwhp+3kHLI6CL4VIBfj8bfbp90Lp1A=="
    },
    "jquery": {
      "version": "3.4.1",
      "resolved": "https://registry.npmjs.org/jquery/-/jquery-3.4.1.tgz",
      "integrity": "sha512-36+AdBzCL+y6qjw5Tx7HgzeGCzC81MDDgaUP8ld2zhx58HdqXGoBd+tHdrBMiyjGQs0Hxs/MLZTu/eHNJJuWPw=="
    },
    "jquery-parallax.js": {
      "version": "1.5.0",
      "resolved": "https://registry.npmjs.org/jquery-parallax.js/-/jquery-parallax.js-1.5.0.tgz",
      "integrity": "sha512-+SyyADkSloW92ZbqJ53yT8M+36GLI+SFOM32q3NeScEJ32u+YCxrDCmpdZmBjrUcJ/CFYuaq9fRwvhfE5u75ew==",
      "requires": {
        "jquery": ">=1.7"
      }
    }
  }
}
