{
  "requires": true,
  "lockfileVersion": 1,
  "dependencies": {
    "@glidejs/glide": {
      "version": "3.2.6",
      "resolved": "https://registry.npmjs.org/@glidejs/glide/-/glide-3.2.6.tgz",
      "integrity": "sha512-yjXI5icEpjvowbiUVjtG//CfqWLcp/mtvlC52ZxKsjBz1jVjkaFrl0W7suVEg6Yw30fR/nO7MSSmzOa9ULniwg=="
    }
  }
}
